
Microsoft Visual Studio Solution File, Format Version 12.00
# Visual Studio Version 17
VisualStudioVersion = 17.9.34622.214
MinimumVisualStudioVersion = 10.0.40219.1
Project("{9A19103F-16F7-4668-BE54-9A1E7A4F7556}") = "backend-library-app", "backend-library-app\backend-library-app.csproj", "{DFFCD48D-829B-4269-B85A-8CED7A030652}"
EndProject
Project("{E53339B2-1760-4266-BCC7-CA923CBCF16C}") = "docker-compose", "docker-compose.dcproj", "{13C333C9-B68C-482B-AA3C-FF2E68AACCD8}"
EndProject
Global
	GlobalSection(SolutionConfigurationPlatforms) = preSolution
		Debug|Any CPU = Debug|Any CPU
		Release|Any CPU = Release|Any CPU
	EndGlobalSection
	GlobalSection(ProjectConfigurationPlatforms) = postSolution
		{DFFCD48D-829B-4269-B85A-8CED7A030652}.Debug|Any CPU.ActiveCfg = Debug|Any CPU
		{DFFCD48D-829B-4269-B85A-8CED7A030652}.Debug|Any CPU.Build.0 = Debug|Any CPU
		{DFFCD48D-829B-4269-B85A-8CED7A030652}.Release|Any CPU.ActiveCfg = Release|Any CPU
		{DFFCD48D-829B-4269-B85A-8CED7A030652}.Release|Any CPU.Build.0 = Release|Any CPU
		{13C333C9-B68C-482B-AA3C-FF2E68AACCD8}.Debug|Any CPU.ActiveCfg = Debug|Any CPU
		{13C333C9-B68C-482B-AA3C-FF2E68AACCD8}.Debug|Any CPU.Build.0 = Debug|Any CPU
		{13C333C9-B68C-482B-AA3C-FF2E68AACCD8}.Release|Any CPU.ActiveCfg = Release|Any CPU
		{13C333C9-B68C-482B-AA3C-FF2E68AACCD8}.Release|Any CPU.Build.0 = Release|Any CPU
	EndGlobalSection
	GlobalSection(SolutionProperties) = preSolution
		HideSolutionNode = FALSE
	EndGlobalSection
	GlobalSection(ExtensibilityGlobals) = postSolution
		SolutionGuid = {0B92ED52-257F-4E56-B578-964CFB9E117D}
	EndGlobalSection
EndGlobal
